
Microsoft Visual Studio Solution File, Format Version 12.00
# Visual Studio 15
VisualStudioVersion = 15.0.27130.2010
MinimumVisualStudioVersion = 10.0.40219.1
Project("{FAE04EC0-301F-11D3-BF4B-00C04F79EFBC}") = "LOS.WebApplication", "LOS.WebApplication\LOS.WebApplication.csproj", "{6948AE67-1AC7-45DF-A720-3B0E545808A4}"
EndProject
Project("{FAE04EC0-301F-11D3-BF4B-00C04F79EFBC}") = "LOS.Bussiness", "LOS.Bussiness\LOS.Bussiness.csproj", "{3B34909E-DA89-4470-9758-FB231028CE90}"
EndProject
Project("{FAE04EC0-301F-11D3-BF4B-00C04F79EFBC}") = "LOS.Domain.Models", "LOS.Domain.Models\LOS.Domain.Models.csproj", "{1545B92C-6AC4-47C0-BF03-A99E1EA9C61F}"
EndProject
Project("{FAE04EC0-301F-11D3-BF4B-00C04F79EFBC}") = "LOS.Common", "LOS.Common\LOS.Common.csproj", "{0E65EF35-95A3-45FC-9940-D567165C443A}"
EndProject
Global
	GlobalSection(SolutionConfigurationPlatforms) = preSolution
		Debug|Any CPU = Debug|Any CPU
		Release|Any CPU = Release|Any CPU
	EndGlobalSection
	GlobalSection(ProjectConfigurationPlatforms) = postSolution
		{6948AE67-1AC7-45DF-A720-3B0E545808A4}.Debug|Any CPU.ActiveCfg = Debug|Any CPU
		{6948AE67-1AC7-45DF-A720-3B0E545808A4}.Debug|Any CPU.Build.0 = Debug|Any CPU
		{6948AE67-1AC7-45DF-A720-3B0E545808A4}.Release|Any CPU.ActiveCfg = Release|Any CPU
		{6948AE67-1AC7-45DF-A720-3B0E545808A4}.Release|Any CPU.Build.0 = Release|Any CPU
		{3B34909E-DA89-4470-9758-FB231028CE90}.Debug|Any CPU.ActiveCfg = Debug|Any CPU
		{3B34909E-DA89-4470-9758-FB231028CE90}.Debug|Any CPU.Build.0 = Debug|Any CPU
		{3B34909E-DA89-4470-9758-FB231028CE90}.Release|Any CPU.ActiveCfg = Release|Any CPU
		{3B34909E-DA89-4470-9758-FB231028CE90}.Release|Any CPU.Build.0 = Release|Any CPU
		{1545B92C-6AC4-47C0-BF03-A99E1EA9C61F}.Debug|Any CPU.ActiveCfg = Debug|Any CPU
		{1545B92C-6AC4-47C0-BF03-A99E1EA9C61F}.Debug|Any CPU.Build.0 = Debug|Any CPU
		{1545B92C-6AC4-47C0-BF03-A99E1EA9C61F}.Release|Any CPU.ActiveCfg = Release|Any CPU
		{1545B92C-6AC4-47C0-BF03-A99E1EA9C61F}.Release|Any CPU.Build.0 = Release|Any CPU
		{0E65EF35-95A3-45FC-9940-D567165C443A}.Debug|Any CPU.ActiveCfg = Debug|Any CPU
		{0E65EF35-95A3-45FC-9940-D567165C443A}.Debug|Any CPU.Build.0 = Debug|Any CPU
		{0E65EF35-95A3-45FC-9940-D567165C443A}.Release|Any CPU.ActiveCfg = Release|Any CPU
		{0E65EF35-95A3-45FC-9940-D567165C443A}.Release|Any CPU.Build.0 = Release|Any CPU
	EndGlobalSection
	GlobalSection(SolutionProperties) = preSolution
		HideSolutionNode = FALSE
	EndGlobalSection
	GlobalSection(ExtensibilityGlobals) = postSolution
		SolutionGuid = {7FAB4AFE-582E-4E2C-A082-4368F4AC3816}
	EndGlobalSection
EndGlobal
