
Microsoft Visual Studio Solution File, Format Version 12.00
# Visual Studio 15
VisualStudioVersion = 15.0.27130.2010
MinimumVisualStudioVersion = 10.0.40219.1
Project("{FAE04EC0-301F-11D3-BF4B-00C04F79EFBC}") = "LOS.WebApplication", "LOS.WebApplication\LOS.WebApplication.csproj", "{6948AE67-1AC7-45DF-A720-3B0E545808A4}"
EndProject
Project("{FAE04EC0-301F-11D3-BF4B-00C04F79EFBC}") = "LOS.DatabaseContext", "LOS.Database.Context\LOS.DatabaseContext.csproj", "{3B34909E-DA89-4470-9758-FB231028CE90}"
EndProject
Project("{FAE04EC0-301F-11D3-BF4B-00C04F79EFBC}") = "LOS.Common", "LOS.Common\LOS.Common.csproj", "{0E65EF35-95A3-45FC-9940-D567165C443A}"
EndProject
Project("{FAE04EC0-301F-11D3-BF4B-00C04F79EFBC}") = "LOS.EmailClient", "LOS.EmailClient\LOS.EmailClient.csproj", "{BA58A193-C621-4761-BC7B-CEC9F5F67833}"
EndProject
Project("{2150E333-8FDC-42A3-9474-1A3956D46DE8}") = "Services", "Services", "{5AE41263-8C9B-446F-ADD8-22A42C2E7152}"
EndProject
Project("{2150E333-8FDC-42A3-9474-1A3956D46DE8}") = "DomainModels", "DomainModels", "{DFB3FB6E-9147-4677-AE72-C4F47AD78027}"
EndProject
Project("{FAE04EC0-301F-11D3-BF4B-00C04F79EFBC}") = "LOS.ProducModel.Domain", "LOS.Product.Domain\LOS.ProducModel.Domain.csproj", "{C6A84B17-B437-4ACE-B174-A74C55FECBA6}"
EndProject
Project("{FAE04EC0-301F-11D3-BF4B-00C04F79EFBC}") = "LOS.CategoryModel.Domain", "LOS.Category.Domain\LOS.CategoryModel.Domain.csproj", "{EA182E62-928B-46B3-B9E6-CEBC0134F655}"
EndProject
Project("{FAE04EC0-301F-11D3-BF4B-00C04F79EFBC}") = "LOS.CartItemModel.Domain", "LOS.CartItem.Domain\LOS.CartItemModel.Domain.csproj", "{71798DD9-B47C-4C7B-A8E6-E5C2276AE9AD}"
EndProject
Project("{FAE04EC0-301F-11D3-BF4B-00C04F79EFBC}") = "LOS.CommentModel.Domain", "LOS.Comment.Domain\LOS.CommentModel.Domain.csproj", "{6065FF99-7879-4954-A1C8-2C880D917DF0}"
EndProject
Project("{FAE04EC0-301F-11D3-BF4B-00C04F79EFBC}") = "LOS.FileModel.Domain", "LOS.File.Domain\LOS.FileModel.Domain.csproj", "{D5BAF0F5-1C6B-468B-879C-5C4FE38D469C}"
EndProject
Project("{FAE04EC0-301F-11D3-BF4B-00C04F79EFBC}") = "LOS.ImageModel.Domain", "LOS.Image.Domain\LOS.ImageModel.Domain.csproj", "{3D8540B7-063A-448A-B3C7-061CDF64F70A}"
EndProject
Project("{FAE04EC0-301F-11D3-BF4B-00C04F79EFBC}") = "LOS.RatingLogModel.Domain", "LOS.RatingLog.Domain\LOS.RatingLogModel.Domain.csproj", "{4C82BF42-5F4F-4799-8B1E-12FC032500ED}"
EndProject
Project("{FAE04EC0-301F-11D3-BF4B-00C04F79EFBC}") = "LOS.IdentityModels.Domain", "LOS.IdentityModels.Domain\LOS.IdentityModels.Domain.csproj", "{77C8AD15-D38F-4DE7-B45E-7BE6CF85B3C7}"
EndProject
Project("{FAE04EC0-301F-11D3-BF4B-00C04F79EFBC}") = "LOS.CategoryService.Domain", "LOS.CategoryService.Domain\LOS.CategoryService.Domain.csproj", "{2FF42F01-3298-488B-98AB-9FC84E7743C2}"
EndProject
Project("{FAE04EC0-301F-11D3-BF4B-00C04F79EFBC}") = "LOS.ProductService.Domain", "LOS.ProductService.Domain\LOS.ProductService.Domain.csproj", "{D39648EA-CD00-4055-B3FE-B5D37555D4D9}"
EndProject
Project("{FAE04EC0-301F-11D3-BF4B-00C04F79EFBC}") = "LOS.CommentService.Domain", "LOS.CommentService.Domain\LOS.CommentService.Domain.csproj", "{93D77C42-9957-41BD-9FCE-316F68676441}"
EndProject
Project("{FAE04EC0-301F-11D3-BF4B-00C04F79EFBC}") = "LOS.CartService.Domain", "LOS.CartService.Domain\LOS.CartService.Domain.csproj", "{6F1B565F-8367-4194-9157-57CCECE52683}"
EndProject
Project("{FAE04EC0-301F-11D3-BF4B-00C04F79EFBC}") = "LOS.UserService.Domain", "LOS.UserService.Domain\LOS.UserService.Domain.csproj", "{B279876D-D77C-4A80-B4BC-E51650F023B6}"
EndProject
Global
	GlobalSection(SolutionConfigurationPlatforms) = preSolution
		Debug|Any CPU = Debug|Any CPU
		Release|Any CPU = Release|Any CPU
	EndGlobalSection
	GlobalSection(ProjectConfigurationPlatforms) = postSolution
		{6948AE67-1AC7-45DF-A720-3B0E545808A4}.Debug|Any CPU.ActiveCfg = Debug|Any CPU
		{6948AE67-1AC7-45DF-A720-3B0E545808A4}.Debug|Any CPU.Build.0 = Debug|Any CPU
		{6948AE67-1AC7-45DF-A720-3B0E545808A4}.Release|Any CPU.ActiveCfg = Release|Any CPU
		{6948AE67-1AC7-45DF-A720-3B0E545808A4}.Release|Any CPU.Build.0 = Release|Any CPU
		{3B34909E-DA89-4470-9758-FB231028CE90}.Debug|Any CPU.ActiveCfg = Debug|Any CPU
		{3B34909E-DA89-4470-9758-FB231028CE90}.Debug|Any CPU.Build.0 = Debug|Any CPU
		{3B34909E-DA89-4470-9758-FB231028CE90}.Release|Any CPU.ActiveCfg = Release|Any CPU
		{3B34909E-DA89-4470-9758-FB231028CE90}.Release|Any CPU.Build.0 = Release|Any CPU
		{0E65EF35-95A3-45FC-9940-D567165C443A}.Debug|Any CPU.ActiveCfg = Debug|Any CPU
		{0E65EF35-95A3-45FC-9940-D567165C443A}.Debug|Any CPU.Build.0 = Debug|Any CPU
		{0E65EF35-95A3-45FC-9940-D567165C443A}.Release|Any CPU.ActiveCfg = Release|Any CPU
		{0E65EF35-95A3-45FC-9940-D567165C443A}.Release|Any CPU.Build.0 = Release|Any CPU
		{BA58A193-C621-4761-BC7B-CEC9F5F67833}.Debug|Any CPU.ActiveCfg = Debug|Any CPU
		{BA58A193-C621-4761-BC7B-CEC9F5F67833}.Debug|Any CPU.Build.0 = Debug|Any CPU
		{BA58A193-C621-4761-BC7B-CEC9F5F67833}.Release|Any CPU.ActiveCfg = Release|Any CPU
		{BA58A193-C621-4761-BC7B-CEC9F5F67833}.Release|Any CPU.Build.0 = Release|Any CPU
		{C6A84B17-B437-4ACE-B174-A74C55FECBA6}.Debug|Any CPU.ActiveCfg = Debug|Any CPU
		{C6A84B17-B437-4ACE-B174-A74C55FECBA6}.Debug|Any CPU.Build.0 = Debug|Any CPU
		{C6A84B17-B437-4ACE-B174-A74C55FECBA6}.Release|Any CPU.ActiveCfg = Release|Any CPU
		{C6A84B17-B437-4ACE-B174-A74C55FECBA6}.Release|Any CPU.Build.0 = Release|Any CPU
		{EA182E62-928B-46B3-B9E6-CEBC0134F655}.Debug|Any CPU.ActiveCfg = Debug|Any CPU
		{EA182E62-928B-46B3-B9E6-CEBC0134F655}.Debug|Any CPU.Build.0 = Debug|Any CPU
		{EA182E62-928B-46B3-B9E6-CEBC0134F655}.Release|Any CPU.ActiveCfg = Release|Any CPU
		{EA182E62-928B-46B3-B9E6-CEBC0134F655}.Release|Any CPU.Build.0 = Release|Any CPU
		{71798DD9-B47C-4C7B-A8E6-E5C2276AE9AD}.Debug|Any CPU.ActiveCfg = Debug|Any CPU
		{71798DD9-B47C-4C7B-A8E6-E5C2276AE9AD}.Debug|Any CPU.Build.0 = Debug|Any CPU
		{71798DD9-B47C-4C7B-A8E6-E5C2276AE9AD}.Release|Any CPU.ActiveCfg = Release|Any CPU
		{71798DD9-B47C-4C7B-A8E6-E5C2276AE9AD}.Release|Any CPU.Build.0 = Release|Any CPU
		{6065FF99-7879-4954-A1C8-2C880D917DF0}.Debug|Any CPU.ActiveCfg = Debug|Any CPU
		{6065FF99-7879-4954-A1C8-2C880D917DF0}.Debug|Any CPU.Build.0 = Debug|Any CPU
		{6065FF99-7879-4954-A1C8-2C880D917DF0}.Release|Any CPU.ActiveCfg = Release|Any CPU
		{6065FF99-7879-4954-A1C8-2C880D917DF0}.Release|Any CPU.Build.0 = Release|Any CPU
		{D5BAF0F5-1C6B-468B-879C-5C4FE38D469C}.Debug|Any CPU.ActiveCfg = Debug|Any CPU
		{D5BAF0F5-1C6B-468B-879C-5C4FE38D469C}.Debug|Any CPU.Build.0 = Debug|Any CPU
		{D5BAF0F5-1C6B-468B-879C-5C4FE38D469C}.Release|Any CPU.ActiveCfg = Release|Any CPU
		{D5BAF0F5-1C6B-468B-879C-5C4FE38D469C}.Release|Any CPU.Build.0 = Release|Any CPU
		{3D8540B7-063A-448A-B3C7-061CDF64F70A}.Debug|Any CPU.ActiveCfg = Debug|Any CPU
		{3D8540B7-063A-448A-B3C7-061CDF64F70A}.Debug|Any CPU.Build.0 = Debug|Any CPU
		{3D8540B7-063A-448A-B3C7-061CDF64F70A}.Release|Any CPU.ActiveCfg = Release|Any CPU
		{3D8540B7-063A-448A-B3C7-061CDF64F70A}.Release|Any CPU.Build.0 = Release|Any CPU
		{4C82BF42-5F4F-4799-8B1E-12FC032500ED}.Debug|Any CPU.ActiveCfg = Debug|Any CPU
		{4C82BF42-5F4F-4799-8B1E-12FC032500ED}.Debug|Any CPU.Build.0 = Debug|Any CPU
		{4C82BF42-5F4F-4799-8B1E-12FC032500ED}.Release|Any CPU.ActiveCfg = Release|Any CPU
		{4C82BF42-5F4F-4799-8B1E-12FC032500ED}.Release|Any CPU.Build.0 = Release|Any CPU
		{77C8AD15-D38F-4DE7-B45E-7BE6CF85B3C7}.Debug|Any CPU.ActiveCfg = Debug|Any CPU
		{77C8AD15-D38F-4DE7-B45E-7BE6CF85B3C7}.Debug|Any CPU.Build.0 = Debug|Any CPU
		{77C8AD15-D38F-4DE7-B45E-7BE6CF85B3C7}.Release|Any CPU.ActiveCfg = Release|Any CPU
		{77C8AD15-D38F-4DE7-B45E-7BE6CF85B3C7}.Release|Any CPU.Build.0 = Release|Any CPU
		{2FF42F01-3298-488B-98AB-9FC84E7743C2}.Debug|Any CPU.ActiveCfg = Debug|Any CPU
		{2FF42F01-3298-488B-98AB-9FC84E7743C2}.Debug|Any CPU.Build.0 = Debug|Any CPU
		{2FF42F01-3298-488B-98AB-9FC84E7743C2}.Release|Any CPU.ActiveCfg = Release|Any CPU
		{2FF42F01-3298-488B-98AB-9FC84E7743C2}.Release|Any CPU.Build.0 = Release|Any CPU
		{D39648EA-CD00-4055-B3FE-B5D37555D4D9}.Debug|Any CPU.ActiveCfg = Debug|Any CPU
		{D39648EA-CD00-4055-B3FE-B5D37555D4D9}.Debug|Any CPU.Build.0 = Debug|Any CPU
		{D39648EA-CD00-4055-B3FE-B5D37555D4D9}.Release|Any CPU.ActiveCfg = Release|Any CPU
		{D39648EA-CD00-4055-B3FE-B5D37555D4D9}.Release|Any CPU.Build.0 = Release|Any CPU
		{93D77C42-9957-41BD-9FCE-316F68676441}.Debug|Any CPU.ActiveCfg = Debug|Any CPU
		{93D77C42-9957-41BD-9FCE-316F68676441}.Debug|Any CPU.Build.0 = Debug|Any CPU
		{93D77C42-9957-41BD-9FCE-316F68676441}.Release|Any CPU.ActiveCfg = Release|Any CPU
		{93D77C42-9957-41BD-9FCE-316F68676441}.Release|Any CPU.Build.0 = Release|Any CPU
		{6F1B565F-8367-4194-9157-57CCECE52683}.Debug|Any CPU.ActiveCfg = Debug|Any CPU
		{6F1B565F-8367-4194-9157-57CCECE52683}.Debug|Any CPU.Build.0 = Debug|Any CPU
		{6F1B565F-8367-4194-9157-57CCECE52683}.Release|Any CPU.ActiveCfg = Release|Any CPU
		{6F1B565F-8367-4194-9157-57CCECE52683}.Release|Any CPU.Build.0 = Release|Any CPU
		{B279876D-D77C-4A80-B4BC-E51650F023B6}.Debug|Any CPU.ActiveCfg = Debug|Any CPU
		{B279876D-D77C-4A80-B4BC-E51650F023B6}.Debug|Any CPU.Build.0 = Debug|Any CPU
		{B279876D-D77C-4A80-B4BC-E51650F023B6}.Release|Any CPU.ActiveCfg = Release|Any CPU
		{B279876D-D77C-4A80-B4BC-E51650F023B6}.Release|Any CPU.Build.0 = Release|Any CPU
	EndGlobalSection
	GlobalSection(SolutionProperties) = preSolution
		HideSolutionNode = FALSE
	EndGlobalSection
	GlobalSection(NestedProjects) = preSolution
		{C6A84B17-B437-4ACE-B174-A74C55FECBA6} = {DFB3FB6E-9147-4677-AE72-C4F47AD78027}
		{EA182E62-928B-46B3-B9E6-CEBC0134F655} = {DFB3FB6E-9147-4677-AE72-C4F47AD78027}
		{71798DD9-B47C-4C7B-A8E6-E5C2276AE9AD} = {DFB3FB6E-9147-4677-AE72-C4F47AD78027}
		{6065FF99-7879-4954-A1C8-2C880D917DF0} = {DFB3FB6E-9147-4677-AE72-C4F47AD78027}
		{D5BAF0F5-1C6B-468B-879C-5C4FE38D469C} = {DFB3FB6E-9147-4677-AE72-C4F47AD78027}
		{3D8540B7-063A-448A-B3C7-061CDF64F70A} = {DFB3FB6E-9147-4677-AE72-C4F47AD78027}
		{4C82BF42-5F4F-4799-8B1E-12FC032500ED} = {DFB3FB6E-9147-4677-AE72-C4F47AD78027}
		{77C8AD15-D38F-4DE7-B45E-7BE6CF85B3C7} = {DFB3FB6E-9147-4677-AE72-C4F47AD78027}
		{2FF42F01-3298-488B-98AB-9FC84E7743C2} = {5AE41263-8C9B-446F-ADD8-22A42C2E7152}
		{D39648EA-CD00-4055-B3FE-B5D37555D4D9} = {5AE41263-8C9B-446F-ADD8-22A42C2E7152}
		{93D77C42-9957-41BD-9FCE-316F68676441} = {5AE41263-8C9B-446F-ADD8-22A42C2E7152}
		{6F1B565F-8367-4194-9157-57CCECE52683} = {5AE41263-8C9B-446F-ADD8-22A42C2E7152}
		{B279876D-D77C-4A80-B4BC-E51650F023B6} = {5AE41263-8C9B-446F-ADD8-22A42C2E7152}
	EndGlobalSection
	GlobalSection(ExtensibilityGlobals) = postSolution
		SolutionGuid = {7FAB4AFE-582E-4E2C-A082-4368F4AC3816}
	EndGlobalSection
EndGlobal
